
Microsoft Visual Studio Solution File, Format Version 12.00
# Visual Studio Version 16
VisualStudioVersion = 16.0.32106.194
MinimumVisualStudioVersion = 10.0.40219.1
Project("{8BC9CEB8-8B4A-11D0-8D11-00A0C91BC942}") = "RaspberryPiPracticeApp", "RaspberryPiPracticeApp\RaspberryPiPracticeApp.vcxproj", "{8E404AE7-92B6-46D4-8E01-7F420E670195}"
EndProject
Global
	GlobalSection(SolutionConfigurationPlatforms) = preSolution
		Debug|x64 = Debug|x64
		Debug|x86 = Debug|x86
		Release|x64 = Release|x64
		Release|x86 = Release|x86
	EndGlobalSection
	GlobalSection(ProjectConfigurationPlatforms) = postSolution
		{8E404AE7-92B6-46D4-8E01-7F420E670195}.Debug|x64.ActiveCfg = Debug|x64
		{8E404AE7-92B6-46D4-8E01-7F420E670195}.Debug|x64.Build.0 = Debug|x64
		{8E404AE7-92B6-46D4-8E01-7F420E670195}.Debug|x86.ActiveCfg = Debug|Win32
		{8E404AE7-92B6-46D4-8E01-7F420E670195}.Debug|x86.Build.0 = Debug|Win32
		{8E404AE7-92B6-46D4-8E01-7F420E670195}.Release|x64.ActiveCfg = Release|x64
		{8E404AE7-92B6-46D4-8E01-7F420E670195}.Release|x64.Build.0 = Release|x64
		{8E404AE7-92B6-46D4-8E01-7F420E670195}.Release|x86.ActiveCfg = Release|Win32
		{8E404AE7-92B6-46D4-8E01-7F420E670195}.Release|x86.Build.0 = Release|Win32
	EndGlobalSection
	GlobalSection(SolutionProperties) = preSolution
		HideSolutionNode = FALSE
	EndGlobalSection
	GlobalSection(ExtensibilityGlobals) = postSolution
		SolutionGuid = {BE54F268-3136-4F90-9FC6-44B027210FBF}
	EndGlobalSection
EndGlobal
